
Microsoft Visual Studio Solution File, Format Version 12.00
# Visual Studio Version 16
VisualStudioVersion = 16.0.32407.337
MinimumVisualStudioVersion = 10.0.40219.1
Project("{FAE04EC0-301F-11D3-BF4B-00C04F79EFBC}") = "Chat", "Chat\Chat.csproj", "{91CDBB0B-1497-440A-A64C-4405521AC1F8}"
EndProject
Global
	GlobalSection(SolutionConfigurationPlatforms) = preSolution
		Debug|Any CPU = Debug|Any CPU
		Release|Any CPU = Release|Any CPU
	EndGlobalSection
	GlobalSection(ProjectConfigurationPlatforms) = postSolution
		{91CDBB0B-1497-440A-A64C-4405521AC1F8}.Debug|Any CPU.ActiveCfg = Debug|Any CPU
		{91CDBB0B-1497-440A-A64C-4405521AC1F8}.Debug|Any CPU.Build.0 = Debug|Any CPU
		{91CDBB0B-1497-440A-A64C-4405521AC1F8}.Release|Any CPU.ActiveCfg = Release|Any CPU
		{91CDBB0B-1497-440A-A64C-4405521AC1F8}.Release|Any CPU.Build.0 = Release|Any CPU
	EndGlobalSection
	GlobalSection(SolutionProperties) = preSolution
		HideSolutionNode = FALSE
	EndGlobalSection
	GlobalSection(ExtensibilityGlobals) = postSolution
		SolutionGuid = {4B027130-AE78-4BA4-A9B5-79DB3267A557}
	EndGlobalSection
EndGlobal
